
Microsoft Visual Studio Solution File, Format Version 12.00
# Visual Studio Version 16
VisualStudioVersion = 16.0.31729.503
MinimumVisualStudioVersion = 10.0.40219.1
Project("{FAE04EC0-301F-11D3-BF4B-00C04F79EFBC}") = "projetGSB", "projetGSB\projetGSB.csproj", "{00048497-9F31-44AB-A726-558ED37F41F5}"
EndProject
Project("{FAE04EC0-301F-11D3-BF4B-00C04F79EFBC}") = "Bibliothèque", "Bibliothèque\Bibliothèque.csproj", "{1FA0AA45-BACD-4884-9F92-1C6DE44FA1ED}"
EndProject
Project("{FAE04EC0-301F-11D3-BF4B-00C04F79EFBC}") = "GstBdd", "GstBdd\GstBdd.csproj", "{1F0218CC-27C2-469C-9A47-13A0BC8DE086}"
EndProject
Global
	GlobalSection(SolutionConfigurationPlatforms) = preSolution
		Debug|Any CPU = Debug|Any CPU
		Release|Any CPU = Release|Any CPU
	EndGlobalSection
	GlobalSection(ProjectConfigurationPlatforms) = postSolution
		{00048497-9F31-44AB-A726-558ED37F41F5}.Debug|Any CPU.ActiveCfg = Debug|Any CPU
		{00048497-9F31-44AB-A726-558ED37F41F5}.Debug|Any CPU.Build.0 = Debug|Any CPU
		{00048497-9F31-44AB-A726-558ED37F41F5}.Release|Any CPU.ActiveCfg = Release|Any CPU
		{00048497-9F31-44AB-A726-558ED37F41F5}.Release|Any CPU.Build.0 = Release|Any CPU
		{1FA0AA45-BACD-4884-9F92-1C6DE44FA1ED}.Debug|Any CPU.ActiveCfg = Debug|Any CPU
		{1FA0AA45-BACD-4884-9F92-1C6DE44FA1ED}.Debug|Any CPU.Build.0 = Debug|Any CPU
		{1FA0AA45-BACD-4884-9F92-1C6DE44FA1ED}.Release|Any CPU.ActiveCfg = Release|Any CPU
		{1FA0AA45-BACD-4884-9F92-1C6DE44FA1ED}.Release|Any CPU.Build.0 = Release|Any CPU
		{1F0218CC-27C2-469C-9A47-13A0BC8DE086}.Debug|Any CPU.ActiveCfg = Debug|Any CPU
		{1F0218CC-27C2-469C-9A47-13A0BC8DE086}.Debug|Any CPU.Build.0 = Debug|Any CPU
		{1F0218CC-27C2-469C-9A47-13A0BC8DE086}.Release|Any CPU.ActiveCfg = Release|Any CPU
		{1F0218CC-27C2-469C-9A47-13A0BC8DE086}.Release|Any CPU.Build.0 = Release|Any CPU
	EndGlobalSection
	GlobalSection(SolutionProperties) = preSolution
		HideSolutionNode = FALSE
	EndGlobalSection
	GlobalSection(ExtensibilityGlobals) = postSolution
		SolutionGuid = {3CC04A96-9CB8-462D-8C16-2257CAE3B7A0}
	EndGlobalSection
EndGlobal
